
Microsoft Visual Studio Solution File, Format Version 12.00
# Visual Studio 2012
Project("{FAE04EC0-301F-11D3-BF4B-00C04F79EFBC}") = "exo_1", "exo_1\exo_1.csproj", "{CFD59AB6-520E-40FD-9517-EAD61B2AE181}"
EndProject
Project("{FAE04EC0-301F-11D3-BF4B-00C04F79EFBC}") = "exo_1.1", "..\exo_1.1\exo_1.1.csproj", "{8118EACA-0245-4E85-9EEE-28C18A967325}"
EndProject
Global
	GlobalSection(SolutionConfigurationPlatforms) = preSolution
		Debug|Any CPU = Debug|Any CPU
		Release|Any CPU = Release|Any CPU
	EndGlobalSection
	GlobalSection(ProjectConfigurationPlatforms) = postSolution
		{CFD59AB6-520E-40FD-9517-EAD61B2AE181}.Debug|Any CPU.ActiveCfg = Debug|Any CPU
		{CFD59AB6-520E-40FD-9517-EAD61B2AE181}.Debug|Any CPU.Build.0 = Debug|Any CPU
		{CFD59AB6-520E-40FD-9517-EAD61B2AE181}.Release|Any CPU.ActiveCfg = Release|Any CPU
		{CFD59AB6-520E-40FD-9517-EAD61B2AE181}.Release|Any CPU.Build.0 = Release|Any CPU
		{8118EACA-0245-4E85-9EEE-28C18A967325}.Debug|Any CPU.ActiveCfg = Debug|Any CPU
		{8118EACA-0245-4E85-9EEE-28C18A967325}.Debug|Any CPU.Build.0 = Debug|Any CPU
		{8118EACA-0245-4E85-9EEE-28C18A967325}.Release|Any CPU.ActiveCfg = Release|Any CPU
		{8118EACA-0245-4E85-9EEE-28C18A967325}.Release|Any CPU.Build.0 = Release|Any CPU
	EndGlobalSection
	GlobalSection(SolutionProperties) = preSolution
		HideSolutionNode = FALSE
	EndGlobalSection
EndGlobal
