
Microsoft Visual Studio Solution File, Format Version 12.00
# Visual Studio 2012
Project("{FAE04EC0-301F-11D3-BF4B-00C04F79EFBC}") = "exo_test1_book", "exo_test1_book\exo_test1_book.csproj", "{113FCB1B-9DB8-422C-A0EA-2184F112478A}"
EndProject
Project("{FAE04EC0-301F-11D3-BF4B-00C04F79EFBC}") = "exo_franck_cours", "..\exo_franck_cours\exo_franck_cours.csproj", "{6B6353B4-18C9-4457-A0FA-08735B38AE13}"
EndProject
Global
	GlobalSection(SolutionConfigurationPlatforms) = preSolution
		Debug|Any CPU = Debug|Any CPU
		Release|Any CPU = Release|Any CPU
	EndGlobalSection
	GlobalSection(ProjectConfigurationPlatforms) = postSolution
		{113FCB1B-9DB8-422C-A0EA-2184F112478A}.Debug|Any CPU.ActiveCfg = Debug|Any CPU
		{113FCB1B-9DB8-422C-A0EA-2184F112478A}.Debug|Any CPU.Build.0 = Debug|Any CPU
		{113FCB1B-9DB8-422C-A0EA-2184F112478A}.Release|Any CPU.ActiveCfg = Release|Any CPU
		{113FCB1B-9DB8-422C-A0EA-2184F112478A}.Release|Any CPU.Build.0 = Release|Any CPU
		{6B6353B4-18C9-4457-A0FA-08735B38AE13}.Debug|Any CPU.ActiveCfg = Debug|Any CPU
		{6B6353B4-18C9-4457-A0FA-08735B38AE13}.Debug|Any CPU.Build.0 = Debug|Any CPU
		{6B6353B4-18C9-4457-A0FA-08735B38AE13}.Release|Any CPU.ActiveCfg = Release|Any CPU
		{6B6353B4-18C9-4457-A0FA-08735B38AE13}.Release|Any CPU.Build.0 = Release|Any CPU
	EndGlobalSection
	GlobalSection(SolutionProperties) = preSolution
		HideSolutionNode = FALSE
	EndGlobalSection
EndGlobal
